
Microsoft Visual Studio Solution File, Format Version 12.00
# Visual Studio Version 17
VisualStudioVersion = 17.9.34714.143
MinimumVisualStudioVersion = 10.0.40219.1
Project("{FAE04EC0-301F-11D3-BF4B-00C04F79EFBC}") = "NewGame", "NewGame\NewGame.csproj", "{3C7DB111-607D-48AB-BDAB-65DB1C59DC0F}"
EndProject
Global
	GlobalSection(SolutionConfigurationPlatforms) = preSolution
		Debug|Any CPU = Debug|Any CPU
		Release|Any CPU = Release|Any CPU
	EndGlobalSection
	GlobalSection(ProjectConfigurationPlatforms) = postSolution
		{3C7DB111-607D-48AB-BDAB-65DB1C59DC0F}.Debug|Any CPU.ActiveCfg = Debug|Any CPU
		{3C7DB111-607D-48AB-BDAB-65DB1C59DC0F}.Debug|Any CPU.Build.0 = Debug|Any CPU
		{3C7DB111-607D-48AB-BDAB-65DB1C59DC0F}.Release|Any CPU.ActiveCfg = Release|Any CPU
		{3C7DB111-607D-48AB-BDAB-65DB1C59DC0F}.Release|Any CPU.Build.0 = Release|Any CPU
	EndGlobalSection
	GlobalSection(SolutionProperties) = preSolution
		HideSolutionNode = FALSE
	EndGlobalSection
	GlobalSection(ExtensibilityGlobals) = postSolution
		SolutionGuid = {3D2A277E-ABA5-423B-A632-0309A05F8D37}
	EndGlobalSection
EndGlobal
